
Microsoft Visual Studio Solution File, Format Version 12.00
# Visual Studio 15
VisualStudioVersion = 15.0.28307.106
MinimumVisualStudioVersion = 10.0.40219.1
Project("{8BC9CEB8-8B4A-11D0-8D11-00A0C91BC942}") = "MBRF", "MBRF.vcxproj", "{E05310CB-75D3-4984-BEB0-4C537FED9550}"
EndProject
Project("{8BC9CEB8-8B4A-11D0-8D11-00A0C91BC942}") = "ApplicationDemo", "samples\ApplicationDemo\ApplicationDemo.vcxproj", "{0C588A42-CE19-4A29-9D62-E4095E07BB8B}"
	ProjectSection(ProjectDependencies) = postProject
		{E05310CB-75D3-4984-BEB0-4C537FED9550} = {E05310CB-75D3-4984-BEB0-4C537FED9550}
	EndProjectSection
EndProject
Project("{8BC9CEB8-8B4A-11D0-8D11-00A0C91BC942}") = "HelloTriangle", "samples\HelloTriangle\HelloTriangle.vcxproj", "{34194B88-177D-43AD-B558-4965D68EF32B}"
	ProjectSection(ProjectDependencies) = postProject
		{E05310CB-75D3-4984-BEB0-4C537FED9550} = {E05310CB-75D3-4984-BEB0-4C537FED9550}
	EndProjectSection
EndProject
Global
	GlobalSection(SolutionConfigurationPlatforms) = preSolution
		Debug|x64 = Debug|x64
		Release|x64 = Release|x64
	EndGlobalSection
	GlobalSection(ProjectConfigurationPlatforms) = postSolution
		{E05310CB-75D3-4984-BEB0-4C537FED9550}.Debug|x64.ActiveCfg = Debug|x64
		{E05310CB-75D3-4984-BEB0-4C537FED9550}.Debug|x64.Build.0 = Debug|x64
		{E05310CB-75D3-4984-BEB0-4C537FED9550}.Release|x64.ActiveCfg = Debug|x64
		{E05310CB-75D3-4984-BEB0-4C537FED9550}.Release|x64.Build.0 = Debug|x64
		{0C588A42-CE19-4A29-9D62-E4095E07BB8B}.Debug|x64.ActiveCfg = Debug|x64
		{0C588A42-CE19-4A29-9D62-E4095E07BB8B}.Debug|x64.Build.0 = Debug|x64
		{0C588A42-CE19-4A29-9D62-E4095E07BB8B}.Release|x64.ActiveCfg = Debug|x64
		{0C588A42-CE19-4A29-9D62-E4095E07BB8B}.Release|x64.Build.0 = Debug|x64
		{34194B88-177D-43AD-B558-4965D68EF32B}.Debug|x64.ActiveCfg = Debug|x64
		{34194B88-177D-43AD-B558-4965D68EF32B}.Debug|x64.Build.0 = Debug|x64
		{34194B88-177D-43AD-B558-4965D68EF32B}.Release|x64.ActiveCfg = Debug|x64
		{34194B88-177D-43AD-B558-4965D68EF32B}.Release|x64.Build.0 = Debug|x64
	EndGlobalSection
	GlobalSection(SolutionProperties) = preSolution
		HideSolutionNode = FALSE
	EndGlobalSection
	GlobalSection(ExtensibilityGlobals) = postSolution
		SolutionGuid = {BC927CE4-E450-4EA8-B48D-7AA99F129339}
	EndGlobalSection
EndGlobal
